
Microsoft Visual Studio Solution File, Format Version 12.00
# Visual Studio Version 16
VisualStudioVersion = 16.0.31321.278
MinimumVisualStudioVersion = 10.0.40219.1
Project("{FAE04EC0-301F-11D3-BF4B-00C04F79EFBC}") = "OpenTypeFontsReader", "OpenTypeFontsReader\OpenTypeFontsReader.csproj", "{2CD8C566-DCAA-4856-84E6-C96C2D5E20C4}"
EndProject
Project("{FAE04EC0-301F-11D3-BF4B-00C04F79EFBC}") = "OpenTypeFont", "OpenTypeFont\OpenTypeFont.csproj", "{ED37605F-8B46-4810-8BD1-9609AC7F721F}"
EndProject
Global
	GlobalSection(SolutionConfigurationPlatforms) = preSolution
		Debug|Any CPU = Debug|Any CPU
		Release|Any CPU = Release|Any CPU
	EndGlobalSection
	GlobalSection(ProjectConfigurationPlatforms) = postSolution
		{2CD8C566-DCAA-4856-84E6-C96C2D5E20C4}.Debug|Any CPU.ActiveCfg = Debug|Any CPU
		{2CD8C566-DCAA-4856-84E6-C96C2D5E20C4}.Debug|Any CPU.Build.0 = Debug|Any CPU
		{2CD8C566-DCAA-4856-84E6-C96C2D5E20C4}.Release|Any CPU.ActiveCfg = Release|Any CPU
		{2CD8C566-DCAA-4856-84E6-C96C2D5E20C4}.Release|Any CPU.Build.0 = Release|Any CPU
		{ED37605F-8B46-4810-8BD1-9609AC7F721F}.Debug|Any CPU.ActiveCfg = Debug|Any CPU
		{ED37605F-8B46-4810-8BD1-9609AC7F721F}.Debug|Any CPU.Build.0 = Debug|Any CPU
		{ED37605F-8B46-4810-8BD1-9609AC7F721F}.Release|Any CPU.ActiveCfg = Release|Any CPU
		{ED37605F-8B46-4810-8BD1-9609AC7F721F}.Release|Any CPU.Build.0 = Release|Any CPU
	EndGlobalSection
	GlobalSection(SolutionProperties) = preSolution
		HideSolutionNode = FALSE
	EndGlobalSection
	GlobalSection(ExtensibilityGlobals) = postSolution
		SolutionGuid = {A97CDF34-4FA7-4DA0-B32C-5CCA38C3F7D0}
	EndGlobalSection
EndGlobal
